
Microsoft Visual Studio Solution File, Format Version 12.00
# Visual Studio Version 17
VisualStudioVersion = 17.7.34031.279
MinimumVisualStudioVersion = 10.0.40219.1
Project("{FAE04EC0-301F-11D3-BF4B-00C04F79EFBC}") = "BookKeeping.API", "BookKeeping.API\BookKeeping.API.csproj", "{9BEC4F5A-6B1C-415A-A310-9C8B8C1902E3}"
EndProject
Global
	GlobalSection(SolutionConfigurationPlatforms) = preSolution
		Debug|Any CPU = Debug|Any CPU
		Release|Any CPU = Release|Any CPU
	EndGlobalSection
	GlobalSection(ProjectConfigurationPlatforms) = postSolution
		{9BEC4F5A-6B1C-415A-A310-9C8B8C1902E3}.Debug|Any CPU.ActiveCfg = Debug|Any CPU
		{9BEC4F5A-6B1C-415A-A310-9C8B8C1902E3}.Debug|Any CPU.Build.0 = Debug|Any CPU
		{9BEC4F5A-6B1C-415A-A310-9C8B8C1902E3}.Release|Any CPU.ActiveCfg = Release|Any CPU
		{9BEC4F5A-6B1C-415A-A310-9C8B8C1902E3}.Release|Any CPU.Build.0 = Release|Any CPU
	EndGlobalSection
	GlobalSection(SolutionProperties) = preSolution
		HideSolutionNode = FALSE
	EndGlobalSection
	GlobalSection(ExtensibilityGlobals) = postSolution
		SolutionGuid = {9F44D5B8-2BE2-4FFA-BE43-926A1B00DC68}
	EndGlobalSection
EndGlobal
